
Microsoft Visual Studio Solution File, Format Version 12.00
# Visual Studio Version 16
VisualStudioVersion = 16.0.30804.86
MinimumVisualStudioVersion = 10.0.40219.1
Project("{9A19103F-16F7-4668-BE54-9A1E7A4F7556}") = "DarkConfigUnbin", "projects\ExtractDarkConfigBinary\ExtractDarkConfigBinary.csproj", "{B6D7C1B1-769B-4FF0-B8AA-45E29E7ED7B9}"
EndProject
Project("{9A19103F-16F7-4668-BE54-9A1E7A4F7556}") = "Gibbed.IO", "projects\Gibbed.IO\Gibbed.IO.csproj", "{14BAA755-5137-43BC-9860-2144E0305562}"
EndProject
Project("{9A19103F-16F7-4668-BE54-9A1E7A4F7556}") = "NDesk.Options", "projects\NDesk.Options\NDesk.Options.csproj", "{4E619B8F-88F5-47F4-B3C7-21B8D1145F35}"
EndProject
Global
	GlobalSection(SolutionConfigurationPlatforms) = preSolution
		Debug|Any CPU = Debug|Any CPU
		Release|Any CPU = Release|Any CPU
	EndGlobalSection
	GlobalSection(ProjectConfigurationPlatforms) = postSolution
		{B6D7C1B1-769B-4FF0-B8AA-45E29E7ED7B9}.Debug|Any CPU.ActiveCfg = Debug|Any CPU
		{B6D7C1B1-769B-4FF0-B8AA-45E29E7ED7B9}.Debug|Any CPU.Build.0 = Debug|Any CPU
		{B6D7C1B1-769B-4FF0-B8AA-45E29E7ED7B9}.Release|Any CPU.ActiveCfg = Release|Any CPU
		{B6D7C1B1-769B-4FF0-B8AA-45E29E7ED7B9}.Release|Any CPU.Build.0 = Release|Any CPU
		{14BAA755-5137-43BC-9860-2144E0305562}.Debug|Any CPU.ActiveCfg = Debug|Any CPU
		{14BAA755-5137-43BC-9860-2144E0305562}.Debug|Any CPU.Build.0 = Debug|Any CPU
		{14BAA755-5137-43BC-9860-2144E0305562}.Release|Any CPU.ActiveCfg = Release|Any CPU
		{14BAA755-5137-43BC-9860-2144E0305562}.Release|Any CPU.Build.0 = Release|Any CPU
		{4E619B8F-88F5-47F4-B3C7-21B8D1145F35}.Debug|Any CPU.ActiveCfg = Debug|Any CPU
		{4E619B8F-88F5-47F4-B3C7-21B8D1145F35}.Debug|Any CPU.Build.0 = Debug|Any CPU
		{4E619B8F-88F5-47F4-B3C7-21B8D1145F35}.Release|Any CPU.ActiveCfg = Release|Any CPU
		{4E619B8F-88F5-47F4-B3C7-21B8D1145F35}.Release|Any CPU.Build.0 = Release|Any CPU
	EndGlobalSection
	GlobalSection(SolutionProperties) = preSolution
		HideSolutionNode = FALSE
	EndGlobalSection
	GlobalSection(ExtensibilityGlobals) = postSolution
		SolutionGuid = {7F5032AF-39B4-404D-B72A-B9C096F1D7DC}
	EndGlobalSection
EndGlobal
